
Microsoft Visual Studio Solution File, Format Version 12.00
# Visual Studio Version 16
VisualStudioVersion = 16.0.31702.278
MinimumVisualStudioVersion = 10.0.40219.1
Project("{FAE04EC0-301F-11D3-BF4B-00C04F79EFBC}") = "AcademyManagementApp", "AcademyManagementApp\AcademyManagementApp.csproj", "{53F5D6CE-C3C3-46FE-BCD3-C70FE7DD6B99}"
EndProject
Global
	GlobalSection(SolutionConfigurationPlatforms) = preSolution
		Debug|Any CPU = Debug|Any CPU
		Release|Any CPU = Release|Any CPU
	EndGlobalSection
	GlobalSection(ProjectConfigurationPlatforms) = postSolution
		{53F5D6CE-C3C3-46FE-BCD3-C70FE7DD6B99}.Debug|Any CPU.ActiveCfg = Debug|Any CPU
		{53F5D6CE-C3C3-46FE-BCD3-C70FE7DD6B99}.Debug|Any CPU.Build.0 = Debug|Any CPU
		{53F5D6CE-C3C3-46FE-BCD3-C70FE7DD6B99}.Release|Any CPU.ActiveCfg = Release|Any CPU
		{53F5D6CE-C3C3-46FE-BCD3-C70FE7DD6B99}.Release|Any CPU.Build.0 = Release|Any CPU
	EndGlobalSection
	GlobalSection(SolutionProperties) = preSolution
		HideSolutionNode = FALSE
	EndGlobalSection
	GlobalSection(ExtensibilityGlobals) = postSolution
		SolutionGuid = {983A521B-93AE-48BA-AF14-33053D37AF40}
	EndGlobalSection
EndGlobal
